// !$*UTF8*$!
{
	archiveVersion = 1;
	classes = {
	};
	objectVersion = 56;
	objects = {

/* Begin PBXBuildFile section */
		D07681BA2CC7E13E0000BE06 /* AppDelegate.swift in Sources */ = {isa = PBXBuildFile; fileRef = D07681B92CC7E13E0000BE06 /* AppDelegate.swift */; };
		D07681BC2CC7E13E0000BE06 /* SceneDelegate.swift in Sources */ = {isa = PBXBuildFile; fileRef = D07681BB2CC7E13E0000BE06 /* SceneDelegate.swift */; };
		D07681BE2CC7E13E0000BE06 /* ViewController.swift in Sources */ = {isa = PBXBuildFile; fileRef = D07681BD2CC7E13E0000BE06 /* ViewController.swift */; };
		D07681C12CC7E13E0000BE06 /* Base in Resources */ = {isa = PBXBuildFile; fileRef = D07681C02CC7E13E0000BE06 /* Base */; };
		D07681C42CC7E13E0000BE06 /* CoreDataSample.xcdatamodeld in Sources */ = {isa = PBXBuildFile; fileRef = D07681C22CC7E13E0000BE06 /* CoreDataSample.xcdatamodeld */; };
		D07681C62CC7E13F0000BE06 /* Assets.xcassets in Resources */ = {isa = PBXBuildFile; fileRef = D07681C52CC7E13F0000BE06 /* Assets.xcassets */; };
		D07681C92CC7E13F0000BE06 /* Base in Resources */ = {isa = PBXBuildFile; fileRef = D07681C82CC7E13F0000BE06 /* Base */; };
		D07681D42CC7E13F0000BE06 /* CoreDataSampleTests.swift in Sources */ = {isa = PBXBuildFile; fileRef = D07681D32CC7E13F0000BE06 /* CoreDataSampleTests.swift */; };
		D07681DE2CC7E13F0000BE06 /* CoreDataSampleUITests.swift in Sources */ = {isa = PBXBuildFile; fileRef = D07681DD2CC7E13F0000BE06 /* CoreDataSampleUITests.swift */; };
		D07681E02CC7E13F0000BE06 /* CoreDataSampleUITestsLaunchTests.swift in Sources */ = {isa = PBXBuildFile; fileRef = D07681DF2CC7E13F0000BE06 /* CoreDataSampleUITestsLaunchTests.swift */; };
/* End PBXBuildFile section */

/* Begin PBXContainerItemProxy section */
		D07681D02CC7E13F0000BE06 /* PBXContainerItemProxy */ = {
			isa = PBXContainerItemProxy;
			containerPortal = D07681AE2CC7E13E0000BE06 /* Project object */;
			proxyType = 1;
			remoteGlobalIDString = D07681B52CC7E13E0000BE06;
			remoteInfo = CoreDataSample;
		};
		D07681DA2CC7E13F0000BE06 /* PBXContainerItemProxy */ = {
			isa = PBXContainerItemProxy;
			containerPortal = D07681AE2CC7E13E0000BE06 /* Project object */;
			proxyType = 1;
			remoteGlobalIDString = D07681B52CC7E13E0000BE06;
			remoteInfo = CoreDataSample;
		};
/* End PBXContainerItemProxy section */

/* Begin PBXFileReference section */
		D07681B62CC7E13E0000BE06 /* CoreDataSample.app */ = {isa = PBXFileReference; explicitFileType = wrapper.application; includeInIndex = 0; path = CoreDataSample.app; sourceTree = BUILT_PRODUCTS_DIR; };
		D07681B92CC7E13E0000BE06 /* AppDelegate.swift */ = {isa = PBXFileReference; lastKnownFileType = sourcecode.swift; path = AppDelegate.swift; sourceTree = "<group>"; };
		D07681BB2CC7E13E0000BE06 /* SceneDelegate.swift */ = {isa = PBXFileReference; lastKnownFileType = sourcecode.swift; path = SceneDelegate.swift; sourceTree = "<group>"; };
		D07681BD2CC7E13E0000BE06 /* ViewController.swift */ = {isa = PBXFileReference; lastKnownFileType = sourcecode.swift; path = ViewController.swift; sourceTree = "<group>"; };
		D07681C02CC7E13E0000BE06 /* Base */ = {isa = PBXFileReference; lastKnownFileType = file.storyboard; name = Base; path = Base.lproj/Main.storyboard; sourceTree = "<group>"; };
		D07681C32CC7E13E0000BE06 /* CoreDataSample.xcdatamodel */ = {isa = PBXFileReference; lastKnownFileType = wrapper.xcdatamodel; path = CoreDataSample.xcdatamodel; sourceTree = "<group>"; };
		D07681C52CC7E13F0000BE06 /* Assets.xcassets */ = {isa = PBXFileReference; lastKnownFileType = folder.assetcatalog; path = Assets.xcassets; sourceTree = "<group>"; };
		D07681C82CC7E13F0000BE06 /* Base */ = {isa = PBXFileReference; lastKnownFileType = file.storyboard; name = Base; path = Base.lproj/LaunchScreen.storyboard; sourceTree = "<group>"; };
		D07681CA2CC7E13F0000BE06 /* Info.plist */ = {isa = PBXFileReference; lastKnownFileType = text.plist.xml; path = Info.plist; sourceTree = "<group>"; };
		D07681CF2CC7E13F0000BE06 /* CoreDataSampleTests.xctest */ = {isa = PBXFileReference; explicitFileType = wrapper.cfbundle; includeInIndex = 0; path = CoreDataSampleTests.xctest; sourceTree = BUILT_PRODUCTS_DIR; };
		D07681D32CC7E13F0000BE06 /* CoreDataSampleTests.swift */ = {isa = PBXFileReference; lastKnownFileType = sourcecode.swift; path = CoreDataSampleTests.swift; sourceTree = "<group>"; };
		D07681D92CC7E13F0000BE06 /* CoreDataSampleUITests.xctest */ = {isa = PBXFileReference; explicitFileType = wrapper.cfbundle; includeInIndex = 0; path = CoreDataSampleUITests.xctest; sourceTree = BUILT_PRODUCTS_DIR; };
		D07681DD2CC7E13F0000BE06 /* CoreDataSampleUITests.swift */ = {isa = PBXFileReference; lastKnownFileType = sourcecode.swift; path = CoreDataSampleUITests.swift; sourceTree = "<group>"; };
		D07681DF2CC7E13F0000BE06 /* CoreDataSampleUITestsLaunchTests.swift */ = {isa = PBXFileReference; lastKnownFileType = sourcecode.swift; path = CoreDataSampleUITestsLaunchTests.swift; sourceTree = "<group>"; };
/* End PBXFileReference section */

/* Begin PBXFrameworksBuildPhase section */
		D07681B32CC7E13E0000BE06 /* Frameworks */ = {
			isa = PBXFrameworksBuildPhase;
			buildActionMask = 2147483647;
			files = (
			);
			runOnlyForDeploymentPostprocessing = 0;
		};
		D07681CC2CC7E13F0000BE06 /* Frameworks */ = {
			isa = PBXFrameworksBuildPhase;
			buildActionMask = 2147483647;
			files = (
			);
			runOnlyForDeploymentPostprocessing = 0;
		};
		D07681D62CC7E13F0000BE06 /* Frameworks */ = {
			isa = PBXFrameworksBuildPhase;
			buildActionMask = 2147483647;
			files = (
			);
			runOnlyForDeploymentPostprocessing = 0;
		};
/* End PBXFrameworksBuildPhase section */

/* Begin PBXGroup section */
		D07681AD2CC7E13E0000BE06 = {
			isa = PBXGroup;
			children = (
				D07681B82CC7E13E0000BE06 /* CoreDataSample */,
				D07681D22CC7E13F0000BE06 /* CoreDataSampleTests */,
				D07681DC2CC7E13F0000BE06 /* CoreDataSampleUITests */,
				D07681B72CC7E13E0000BE06 /* Products */,
			);
			sourceTree = "<group>";
		};
		D07681B72CC7E13E0000BE06 /* Products */ = {
			isa = PBXGroup;
			children = (
				D07681B62CC7E13E0000BE06 /* CoreDataSample.app */,
				D07681CF2CC7E13F0000BE06 /* CoreDataSampleTests.xctest */,
				D07681D92CC7E13F0000BE06 /* CoreDataSampleUITests.xctest */,
			);
			name = Products;
			sourceTree = "<group>";
		};
		D07681B82CC7E13E0000BE06 /* CoreDataSample */ = {
			isa = PBXGroup;
			children = (
				D07681B92CC7E13E0000BE06 /* AppDelegate.swift */,
				D07681BB2CC7E13E0000BE06 /* SceneDelegate.swift */,
				D07681BD2CC7E13E0000BE06 /* ViewController.swift */,
				D07681BF2CC7E13E0000BE06 /* Main.storyboard */,
				D07681C52CC7E13F0000BE06 /* Assets.xcassets */,
				D07681C72CC7E13F0000BE06 /* LaunchScreen.storyboard */,
				D07681CA2CC7E13F0000BE06 /* Info.plist */,
				D07681C22CC7E13E0000BE06 /* CoreDataSample.xcdatamodeld */,
			);
			path = CoreDataSample;
			sourceTree = "<group>";
		};
		D07681D22CC7E13F0000BE06 /* CoreDataSampleTests */ = {
			isa = PBXGroup;
			children = (
				D07681D32CC7E13F0000BE06 /* CoreDataSampleTests.swift */,
			);
			path = CoreDataSampleTests;
			sourceTree = "<group>";
		};
		D07681DC2CC7E13F0000BE06 /* CoreDataSampleUITests */ = {
			isa = PBXGroup;
			children = (
				D07681DD2CC7E13F0000BE06 /* CoreDataSampleUITests.swift */,
				D07681DF2CC7E13F0000BE06 /* CoreDataSampleUITestsLaunchTests.swift */,
			);
			path = CoreDataSampleUITests;
			sourceTree = "<group>";
		};
/* End PBXGroup section */

/* Begin PBXNativeTarget section */
		D07681B52CC7E13E0000BE06 /* CoreDataSample */ = {
			isa = PBXNativeTarget;
			buildConfigurationList = D07681E32CC7E13F0000BE06 /* Build configuration list for PBXNativeTarget "CoreDataSample" */;
			buildPhases = (
				D07681B22CC7E13E0000BE06 /* Sources */,
				D07681B32CC7E13E0000BE06 /* Frameworks */,
				D07681B42CC7E13E0000BE06 /* Resources */,
			);
			buildRules = (
			);
			dependencies = (
			);
			name = CoreDataSample;
			productName = CoreDataSample;
			productReference = D07681B62CC7E13E0000BE06 /* CoreDataSample.app */;
			productType = "com.apple.product-type.application";
		};
		D07681CE2CC7E13F0000BE06 /* CoreDataSampleTests */ = {
			isa = PBXNativeTarget;
			buildConfigurationList = D07681E62CC7E13F0000BE06 /* Build configuration list for PBXNativeTarget "CoreDataSampleTests" */;
			buildPhases = (
				D07681CB2CC7E13F0000BE06 /* Sources */,
				D07681CC2CC7E13F0000BE06 /* Frameworks */,
				D07681CD2CC7E13F0000BE06 /* Resources */,
			);
			buildRules = (
			);
			dependencies = (
				D07681D12CC7E13F0000BE06 /* PBXTargetDependency */,
			);
			name = CoreDataSampleTests;
			productName = CoreDataSampleTests;
			productReference = D07681CF2CC7E13F0000BE06 /* CoreDataSampleTests.xctest */;
			productType = "com.apple.product-type.bundle.unit-test";
		};
		D07681D82CC7E13F0000BE06 /* CoreDataSampleUITests */ = {
			isa = PBXNativeTarget;
			buildConfigurationList = D07681E92CC7E13F0000BE06 /* Build configuration list for PBXNativeTarget "CoreDataSampleUITests" */;
			buildPhases = (
				D07681D52CC7E13F0000BE06 /* Sources */,
				D07681D62CC7E13F0000BE06 /* Frameworks */,
				D07681D72CC7E13F0000BE06 /* Resources */,
			);
			buildRules = (
			);
			dependencies = (
				D07681DB2CC7E13F0000BE06 /* PBXTargetDependency */,
			);
			name = CoreDataSampleUITests;
			productName = CoreDataSampleUITests;
			productReference = D07681D92CC7E13F0000BE06 /* CoreDataSampleUITests.xctest */;
			productType = "com.apple.product-type.bundle.ui-testing";
		};
/* End PBXNativeTarget section */

/* Begin PBXProject section */
		D07681AE2CC7E13E0000BE06 /* Project object */ = {
			isa = PBXProject;
			attributes = {
				BuildIndependentTargetsInParallel = 1;
				LastSwiftUpdateCheck = 1540;
				LastUpgradeCheck = 1540;
				TargetAttributes = {
					D07681B52CC7E13E0000BE06 = {
						CreatedOnToolsVersion = 15.4;
					};
					D07681CE2CC7E13F0000BE06 = {
						CreatedOnToolsVersion = 15.4;
						TestTargetID = D07681B52CC7E13E0000BE06;
					};
					D07681D82CC7E13F0000BE06 = {
						CreatedOnToolsVersion = 15.4;
						TestTargetID = D07681B52CC7E13E0000BE06;
					};
				};
			};
			buildConfigurationList = D07681B12CC7E13E0000BE06 /* Build configuration list for PBXProject "CoreDataSample" */;
			compatibilityVersion = "Xcode 14.0";
			developmentRegion = en;
			hasScannedForEncodings = 0;
			knownRegions = (
				en,
				Base,
			);
			mainGroup = D07681AD2CC7E13E0000BE06;
			productRefGroup = D07681B72CC7E13E0000BE06 /* Products */;
			projectDirPath = "";
			projectRoot = "";
			targets = (
				D07681B52CC7E13E0000BE06 /* CoreDataSample */,
				D07681CE2CC7E13F0000BE06 /* CoreDataSampleTests */,
				D07681D82CC7E13F0000BE06 /* CoreDataSampleUITests */,
			);
		};
/* End PBXProject section */

/* Begin PBXResourcesBuildPhase section */
		D07681B42CC7E13E0000BE06 /* Resources */ = {
			isa = PBXResourcesBuildPhase;
			buildActionMask = 2147483647;
			files = (
				D07681C62CC7E13F0000BE06 /* Assets.xcassets in Resources */,
				D07681C92CC7E13F0000BE06 /* Base in Resources */,
				D07681C12CC7E13E0000BE06 /* Base in Resources */,
			);
			runOnlyForDeploymentPostprocessing = 0;
		};
		D07681CD2CC7E13F0000BE06 /* Resources */ = {
			isa = PBXResourcesBuildPhase;
			buildActionMask = 2147483647;
			files = (
			);
			runOnlyForDeploymentPostprocessing = 0;
		};
		D07681D72CC7E13F0000BE06 /* Resources */ = {
			isa = PBXResourcesBuildPhase;
			buildActionMask = 2147483647;
			files = (
			);
			runOnlyForDeploymentPostprocessing = 0;
		};
/* End PBXResourcesBuildPhase section */

/* Begin PBXSourcesBuildPhase section */
		D07681B22CC7E13E0000BE06 /* Sources */ = {
			isa = PBXSourcesBuildPhase;
			buildActionMask = 2147483647;
			files = (
				D07681C42CC7E13E0000BE06 /* CoreDataSample.xcdatamodeld in Sources */,
				D07681BE2CC7E13E0000BE06 /* ViewController.swift in Sources */,
				D07681BA2CC7E13E0000BE06 /* AppDelegate.swift in Sources */,
				D07681BC2CC7E13E0000BE06 /* SceneDelegate.swift in Sources */,
			);
			runOnlyForDeploymentPostprocessing = 0;
		};
		D07681CB2CC7E13F0000BE06 /* Sources */ = {
			isa = PBXSourcesBuildPhase;
			buildActionMask = 2147483647;
			files = (
				D07681D42CC7E13F0000BE06 /* CoreDataSampleTests.swift in Sources */,
			);
			runOnlyForDeploymentPostprocessing = 0;
		};
		D07681D52CC7E13F0000BE06 /* Sources */ = {
			isa = PBXSourcesBuildPhase;
			buildActionMask = 2147483647;
			files = (
				D07681DE2CC7E13F0000BE06 /* CoreDataSampleUITests.swift in Sources */,
				D07681E02CC7E13F0000BE06 /* CoreDataSampleUITestsLaunchTests.swift in Sources */,
			);
			runOnlyForDeploymentPostprocessing = 0;
		};
/* End PBXSourcesBuildPhase section */

/* Begin PBXTargetDependency section */
		D07681D12CC7E13F0000BE06 /* PBXTargetDependency */ = {
			isa = PBXTargetDependency;
			target = D07681B52CC7E13E0000BE06 /* CoreDataSample */;
			targetProxy = D07681D02CC7E13F0000BE06 /* PBXContainerItemProxy */;
		};
		D07681DB2CC7E13F0000BE06 /* PBXTargetDependency */ = {
			isa = PBXTargetDependency;
			target = D07681B52CC7E13E0000BE06 /* CoreDataSample */;
			targetProxy = D07681DA2CC7E13F0000BE06 /* PBXContainerItemProxy */;
		};
/* End PBXTargetDependency section */

/* Begin PBXVariantGroup section */
		D07681BF2CC7E13E0000BE06 /* Main.storyboard */ = {
			isa = PBXVariantGroup;
			children = (
				D07681C02CC7E13E0000BE06 /* Base */,
			);
			name = Main.storyboard;
			sourceTree = "<group>";
		};
		D07681C72CC7E13F0000BE06 /* LaunchScreen.storyboard */ = {
			isa = PBXVariantGroup;
			children = (
				D07681C82CC7E13F0000BE06 /* Base */,
			);
			name = LaunchScreen.storyboard;
			sourceTree = "<group>";
		};
/* End PBXVariantGroup section */

/* Begin XCBuildConfiguration section */
		D07681E12CC7E13F0000BE06 /* Debug */ = {
			isa = XCBuildConfiguration;
			buildSettings = {
				ALWAYS_SEARCH_USER_PATHS = NO;
				ASSETCATALOG_COMPILER_GENERATE_SWIFT_ASSET_SYMBOL_EXTENSIONS = YES;
				CLANG_ANALYZER_NONNULL = YES;
				CLANG_ANALYZER_NUMBER_OBJECT_CONVERSION = YES_AGGRESSIVE;
				CLANG_CXX_LANGUAGE_STANDARD = "gnu++20";
				CLANG_ENABLE_MODULES = YES;
				CLANG_ENABLE_OBJC_ARC = YES;
				CLANG_ENABLE_OBJC_WEAK = YES;
				CLANG_WARN_BLOCK_CAPTURE_AUTORELEASING = YES;
				CLANG_WARN_BOOL_CONVERSION = YES;
				CLANG_WARN_COMMA = YES;
				CLANG_WARN_CONSTANT_CONVERSION = YES;
				CLANG_WARN_DEPRECATED_OBJC_IMPLEMENTATIONS = YES;
				CLANG_WARN_DIRECT_OBJC_ISA_USAGE = YES_ERROR;
				CLANG_WARN_DOCUMENTATION_COMMENTS = YES;
				CLANG_WARN_EMPTY_BODY = YES;
				CLANG_WARN_ENUM_CONVERSION = YES;
				CLANG_WARN_INFINITE_RECURSION = YES;
				CLANG_WARN_INT_CONVERSION = YES;
				CLANG_WARN_NON_LITERAL_NULL_CONVERSION = YES;
				CLANG_WARN_OBJC_IMPLICIT_RETAIN_SELF = YES;
				CLANG_WARN_OBJC_LITERAL_CONVERSION = YES;
				CLANG_WARN_OBJC_ROOT_CLASS = YES_ERROR;
				CLANG_WARN_QUOTED_INCLUDE_IN_FRAMEWORK_HEADER = YES;
				CLANG_WARN_RANGE_LOOP_ANALYSIS = YES;
				CLANG_WARN_STRICT_PROTOTYPES = YES;
				CLANG_WARN_SUSPICIOUS_MOVE = YES;
				CLANG_WARN_UNGUARDED_AVAILABILITY = YES_AGGRESSIVE;
				CLANG_WARN_UNREACHABLE_CODE = YES;
				CLANG_WARN__DUPLICATE_METHOD_MATCH = YES;
				COPY_PHASE_STRIP = NO;
				DEBUG_INFORMATION_FORMAT = dwarf;
				ENABLE_STRICT_OBJC_MSGSEND = YES;
				ENABLE_TESTABILITY = YES;
				ENABLE_USER_SCRIPT_SANDBOXING = YES;
				GCC_C_LANGUAGE_STANDARD = gnu17;
				GCC_DYNAMIC_NO_PIC = NO;
				GCC_NO_COMMON_BLOCKS = YES;
				GCC_OPTIMIZATION_LEVEL = 0;
				GCC_PREPROCESSOR_DEFINITIONS = (
					"DEBUG=1",
					"$(inherited)",
				);
				GCC_WARN_64_TO_32_BIT_CONVERSION = YES;
				GCC_WARN_ABOUT_RETURN_TYPE = YES_ERROR;
				GCC_WARN_UNDECLARED_SELECTOR = YES;
				GCC_WARN_UNINITIALIZED_AUTOS = YES_AGGRESSIVE;
				GCC_WARN_UNUSED_FUNCTION = YES;
				GCC_WARN_UNUSED_VARIABLE = YES;
				IPHONEOS_DEPLOYMENT_TARGET = 17.5;
				LOCALIZATION_PREFERS_STRING_CATALOGS = YES;
				MTL_ENABLE_DEBUG_INFO = INCLUDE_SOURCE;
				MTL_FAST_MATH = YES;
				ONLY_ACTIVE_ARCH = YES;
				SDKROOT = iphoneos;
				SWIFT_ACTIVE_COMPILATION_CONDITIONS = "DEBUG $(inherited)";
				SWIFT_OPTIMIZATION_LEVEL = "-Onone";
			};
			name = Debug;
		};
		D07681E22CC7E13F0000BE06 /* Release */ = {
			isa = XCBuildConfiguration;
			buildSettings = {
				ALWAYS_SEARCH_USER_PATHS = NO;
				ASSETCATALOG_COMPILER_GENERATE_SWIFT_ASSET_SYMBOL_EXTENSIONS = YES;
				CLANG_ANALYZER_NONNULL = YES;
				CLANG_ANALYZER_NUMBER_OBJECT_CONVERSION = YES_AGGRESSIVE;
				CLANG_CXX_LANGUAGE_STANDARD = "gnu++20";
				CLANG_ENABLE_MODULES = YES;
				CLANG_ENABLE_OBJC_ARC = YES;
				CLANG_ENABLE_OBJC_WEAK = YES;
				CLANG_WARN_BLOCK_CAPTURE_AUTORELEASING = YES;
				CLANG_WARN_BOOL_CONVERSION = YES;
				CLANG_WARN_COMMA = YES;
				CLANG_WARN_CONSTANT_CONVERSION = YES;
				CLANG_WARN_DEPRECATED_OBJC_IMPLEMENTATIONS = YES;
				CLANG_WARN_DIRECT_OBJC_ISA_USAGE = YES_ERROR;
				CLANG_WARN_DOCUMENTATION_COMMENTS = YES;
				CLANG_WARN_EMPTY_BODY = YES;
				CLANG_WARN_ENUM_CONVERSION = YES;
				CLANG_WARN_INFINITE_RECURSION = YES;
				CLANG_WARN_INT_CONVERSION = YES;
				CLANG_WARN_NON_LITERAL_NULL_CONVERSION = YES;
				CLANG_WARN_OBJC_IMPLICIT_RETAIN_SELF = YES;
				CLANG_WARN_OBJC_LITERAL_CONVERSION = YES;
				CLANG_WARN_OBJC_ROOT_CLASS = YES_ERROR;
				CLANG_WARN_QUOTED_INCLUDE_IN_FRAMEWORK_HEADER = YES;
				CLANG_WARN_RANGE_LOOP_ANALYSIS = YES;
				CLANG_WARN_STRICT_PROTOTYPES = YES;
				CLANG_WARN_SUSPICIOUS_MOVE = YES;
				CLANG_WARN_UNGUARDED_AVAILABILITY = YES_AGGRESSIVE;
				CLANG_WARN_UNREACHABLE_CODE = YES;
				CLANG_WARN__DUPLICATE_METHOD_MATCH = YES;
				COPY_PHASE_STRIP = NO;
				DEBUG_INFORMATION_FORMAT = "dwarf-with-dsym";
				ENABLE_NS_ASSERTIONS = NO;
				ENABLE_STRICT_OBJC_MSGSEND = YES;
				ENABLE_USER_SCRIPT_SANDBOXING = YES;
				GCC_C_LANGUAGE_STANDARD = gnu17;
				GCC_NO_COMMON_BLOCKS = YES;
				GCC_WARN_64_TO_32_BIT_CONVERSION = YES;
				GCC_WARN_ABOUT_RETURN_TYPE = YES_ERROR;
				GCC_WARN_UNDECLARED_SELECTOR = YES;
				GCC_WARN_UNINITIALIZED_AUTOS = YES_AGGRESSIVE;
				GCC_WARN_UNUSED_FUNCTION = YES;
				GCC_WARN_UNUSED_VARIABLE = YES;
				IPHONEOS_DEPLOYMENT_TARGET = 17.5;
				LOCALIZATION_PREFERS_STRING_CATALOGS = YES;
				MTL_ENABLE_DEBUG_INFO = NO;
				MTL_FAST_MATH = YES;
				SDKROOT = iphoneos;
				SWIFT_COMPILATION_MODE = wholemodule;
				VALIDATE_PRODUCT = YES;
			};
			name = Release;
		};
		D07681E42CC7E13F0000BE06 /* Debug */ = {
			isa = XCBuildConfiguration;
			buildSettings = {
				ASSETCATALOG_COMPILER_APPICON_NAME = AppIcon;
				ASSETCATALOG_COMPILER_GLOBAL_ACCENT_COLOR_NAME = AccentColor;
				CODE_SIGN_STYLE = Automatic;
				CURRENT_PROJECT_VERSION = 1;
				GENERATE_INFOPLIST_FILE = YES;
				INFOPLIST_FILE = CoreDataSample/Info.plist;
				INFOPLIST_KEY_UIApplicationSupportsIndirectInputEvents = YES;
				INFOPLIST_KEY_UILaunchStoryboardName = LaunchScreen;
				INFOPLIST_KEY_UIMainStoryboardFile = Main;
				INFOPLIST_KEY_UISupportedInterfaceOrientations_iPad = "UIInterfaceOrientationPortrait UIInterfaceOrientationPortraitUpsideDown UIInterfaceOrientationLandscapeLeft UIInterfaceOrientationLandscapeRight";
				INFOPLIST_KEY_UISupportedInterfaceOrientations_iPhone = "UIInterfaceOrientationPortrait UIInterfaceOrientationLandscapeLeft UIInterfaceOrientationLandscapeRight";
				LD_RUNPATH_SEARCH_PATHS = (
					"$(inherited)",
					"@executable_path/Frameworks",
				);
				MARKETING_VERSION = 1.0;
				PRODUCT_BUNDLE_IDENTIFIER = com.nurdinaffandidev.CoreDataSample;
				PRODUCT_NAME = "$(TARGET_NAME)";
				SWIFT_EMIT_LOC_STRINGS = YES;
				SWIFT_VERSION = 5.0;
				TARGETED_DEVICE_FAMILY = "1,2";
			};
			name = Debug;
		};
		D07681E52CC7E13F0000BE06 /* Release */ = {
			isa = XCBuildConfiguration;
			buildSettings = {
				ASSETCATALOG_COMPILER_APPICON_NAME = AppIcon;
				ASSETCATALOG_COMPILER_GLOBAL_ACCENT_COLOR_NAME = AccentColor;
				CODE_SIGN_STYLE = Automatic;
				CURRENT_PROJECT_VERSION = 1;
				GENERATE_INFOPLIST_FILE = YES;
				INFOPLIST_FILE = CoreDataSample/Info.plist;
				INFOPLIST_KEY_UIApplicationSupportsIndirectInputEvents = YES;
				INFOPLIST_KEY_UILaunchStoryboardName = LaunchScreen;
				INFOPLIST_KEY_UIMainStoryboardFile = Main;
				INFOPLIST_KEY_UISupportedInterfaceOrientations_iPad = "UIInterfaceOrientationPortrait UIInterfaceOrientationPortraitUpsideDown UIInterfaceOrientationLandscapeLeft UIInterfaceOrientationLandscapeRight";
				INFOPLIST_KEY_UISupportedInterfaceOrientations_iPhone = "UIInterfaceOrientationPortrait UIInterfaceOrientationLandscapeLeft UIInterfaceOrientationLandscapeRight";
				LD_RUNPATH_SEARCH_PATHS = (
					"$(inherited)",
					"@executable_path/Frameworks",
				);
				MARKETING_VERSION = 1.0;
				PRODUCT_BUNDLE_IDENTIFIER = com.nurdinaffandidev.CoreDataSample;
				PRODUCT_NAME = "$(TARGET_NAME)";
				SWIFT_EMIT_LOC_STRINGS = YES;
				SWIFT_VERSION = 5.0;
				TARGETED_DEVICE_FAMILY = "1,2";
			};
			name = Release;
		};
		D07681E72CC7E13F0000BE06 /* Debug */ = {
			isa = XCBuildConfiguration;
			buildSettings = {
				ALWAYS_EMBED_SWIFT_STANDARD_LIBRARIES = YES;
				BUNDLE_LOADER = "$(TEST_HOST)";
				CODE_SIGN_STYLE = Automatic;
				CURRENT_PROJECT_VERSION = 1;
				GENERATE_INFOPLIST_FILE = YES;
				IPHONEOS_DEPLOYMENT_TARGET = 17.5;
				MARKETING_VERSION = 1.0;
				PRODUCT_BUNDLE_IDENTIFIER = com.nurdinaffandidev.CoreDataSampleTests;
				PRODUCT_NAME = "$(TARGET_NAME)";
				SWIFT_EMIT_LOC_STRINGS = NO;
				SWIFT_VERSION = 5.0;
				TARGETED_DEVICE_FAMILY = "1,2";
				TEST_HOST = "$(BUILT_PRODUCTS_DIR)/CoreDataSample.app/$(BUNDLE_EXECUTABLE_FOLDER_PATH)/CoreDataSample";
			};
			name = Debug;
		};
		D07681E82CC7E13F0000BE06 /* Release */ = {
			isa = XCBuildConfiguration;
			buildSettings = {
				ALWAYS_EMBED_SWIFT_STANDARD_LIBRARIES = YES;
				BUNDLE_LOADER = "$(TEST_HOST)";
				CODE_SIGN_STYLE = Automatic;
				CURRENT_PROJECT_VERSION = 1;
				GENERATE_INFOPLIST_FILE = YES;
				IPHONEOS_DEPLOYMENT_TARGET = 17.5;
				MARKETING_VERSION = 1.0;
				PRODUCT_BUNDLE_IDENTIFIER = com.nurdinaffandidev.CoreDataSampleTests;
				PRODUCT_NAME = "$(TARGET_NAME)";
				SWIFT_EMIT_LOC_STRINGS = NO;
				SWIFT_VERSION = 5.0;
				TARGETED_DEVICE_FAMILY = "1,2";
				TEST_HOST = "$(BUILT_PRODUCTS_DIR)/CoreDataSample.app/$(BUNDLE_EXECUTABLE_FOLDER_PATH)/CoreDataSample";
			};
			name = Release;
		};
		D07681EA2CC7E13F0000BE06 /* Debug */ = {
			isa = XCBuildConfiguration;
			buildSettings = {
				ALWAYS_EMBED_SWIFT_STANDARD_LIBRARIES = YES;
				CODE_SIGN_STYLE = Automatic;
				CURRENT_PROJECT_VERSION = 1;
				GENERATE_INFOPLIST_FILE = YES;
				MARKETING_VERSION = 1.0;
				PRODUCT_BUNDLE_IDENTIFIER = com.nurdinaffandidev.CoreDataSampleUITests;
				PRODUCT_NAME = "$(TARGET_NAME)";
				SWIFT_EMIT_LOC_STRINGS = NO;
				SWIFT_VERSION = 5.0;
				TARGETED_DEVICE_FAMILY = "1,2";
				TEST_TARGET_NAME = CoreDataSample;
			};
			name = Debug;
		};
		D07681EB2CC7E13F0000BE06 /* Release */ = {
			isa = XCBuildConfiguration;
			buildSettings = {
				ALWAYS_EMBED_SWIFT_STANDARD_LIBRARIES = YES;
				CODE_SIGN_STYLE = Automatic;
				CURRENT_PROJECT_VERSION = 1;
				GENERATE_INFOPLIST_FILE = YES;
				MARKETING_VERSION = 1.0;
				PRODUCT_BUNDLE_IDENTIFIER = com.nurdinaffandidev.CoreDataSampleUITests;
				PRODUCT_NAME = "$(TARGET_NAME)";
				SWIFT_EMIT_LOC_STRINGS = NO;
				SWIFT_VERSION = 5.0;
				TARGETED_DEVICE_FAMILY = "1,2";
				TEST_TARGET_NAME = CoreDataSample;
			};
			name = Release;
		};
/* End XCBuildConfiguration section */

/* Begin XCConfigurationList section */
		D07681B12CC7E13E0000BE06 /* Build configuration list for PBXProject "CoreDataSample" */ = {
			isa = XCConfigurationList;
			buildConfigurations = (
				D07681E12CC7E13F0000BE06 /* Debug */,
				D07681E22CC7E13F0000BE06 /* Release */,
			);
			defaultConfigurationIsVisible = 0;
			defaultConfigurationName = Release;
		};
		D07681E32CC7E13F0000BE06 /* Build configuration list for PBXNativeTarget "CoreDataSample" */ = {
			isa = XCConfigurationList;
			buildConfigurations = (
				D07681E42CC7E13F0000BE06 /* Debug */,
				D07681E52CC7E13F0000BE06 /* Release */,
			);
			defaultConfigurationIsVisible = 0;
			defaultConfigurationName = Release;
		};
		D07681E62CC7E13F0000BE06 /* Build configuration list for PBXNativeTarget "CoreDataSampleTests" */ = {
			isa = XCConfigurationList;
			buildConfigurations = (
				D07681E72CC7E13F0000BE06 /* Debug */,
				D07681E82CC7E13F0000BE06 /* Release */,
			);
			defaultConfigurationIsVisible = 0;
			defaultConfigurationName = Release;
		};
		D07681E92CC7E13F0000BE06 /* Build configuration list for PBXNativeTarget "CoreDataSampleUITests" */ = {
			isa = XCConfigurationList;
			buildConfigurations = (
				D07681EA2CC7E13F0000BE06 /* Debug */,
				D07681EB2CC7E13F0000BE06 /* Release */,
			);
			defaultConfigurationIsVisible = 0;
			defaultConfigurationName = Release;
		};
/* End XCConfigurationList section */

/* Begin XCVersionGroup section */
		D07681C22CC7E13E0000BE06 /* CoreDataSample.xcdatamodeld */ = {
			isa = XCVersionGroup;
			children = (
				D07681C32CC7E13E0000BE06 /* CoreDataSample.xcdatamodel */,
			);
			currentVersion = D07681C32CC7E13E0000BE06 /* CoreDataSample.xcdatamodel */;
			path = CoreDataSample.xcdatamodeld;
			sourceTree = "<group>";
			versionGroupType = wrapper.xcdatamodel;
		};
/* End XCVersionGroup section */
	};
	rootObject = D07681AE2CC7E13E0000BE06 /* Project object */;
}
